{
  "lockfileVersion": 1,
  "workspaces": {
    "": {
      "name": "beeminder-nebulous",
      "devDependencies": {
        "@types/bun": "latest",
        "oxlint": "^0.17.0",
      },
      "peerDependencies": {
        "typescript": "^5",
      },
    },
  },
  "packages": {
    "@oxlint/darwin-arm64": ["@oxlint/darwin-arm64@0.17.0", "", { "os": "darwin", "cpu": "arm64" }, "sha512-py/N0yTMbdy5Kd1RFMMgFqzO5Qwc5MbHSCA0BvSx/GnC3n7yPstcEFSSdZzb+HaANI00xn4dwjYo6HVEFHhuWA=="],

    "@oxlint/darwin-x64": ["@oxlint/darwin-x64@0.17.0", "", { "os": "darwin", "cpu": "x64" }, "sha512-rQUFu6Ci8gmBHTgb2EMKYNZWCmBB8sSW7SAxBes9k0esonKsioDNjT51CsfKZhXyaMtaM70hiVhSCBc0NqUEJg=="],

    "@oxlint/linux-arm64-gnu": ["@oxlint/linux-arm64-gnu@0.17.0", "", { "os": "linux", "cpu": "arm64" }, "sha512-NoAWscdfVj6Sci3NdbHHc1OivSSKpwtkLff5SoAM8XgJ9t7flf+zW7XOy3OeSgZAxNbcF4QGruv+XcBLR7tWMA=="],

    "@oxlint/linux-arm64-musl": ["@oxlint/linux-arm64-musl@0.17.0", "", { "os": "linux", "cpu": "arm64" }, "sha512-VQRmSdbuc0rpSZoLqdhKJG9nUjJmEymOU60dO3lKlCT5YXME4dxA+jf1AigtnmJS5FgOxQm54ECF9lh6dyP0ew=="],

    "@oxlint/linux-x64-gnu": ["@oxlint/linux-x64-gnu@0.17.0", "", { "os": "linux", "cpu": "x64" }, "sha512-KcaXWkBfqt7weerU1EXJysEupEHB8AtJytufBOQMuLE5vx2OoAbjAk0vt2V14W8Lss9Sz+ET7nXo6ZAEku4vCA=="],

    "@oxlint/linux-x64-musl": ["@oxlint/linux-x64-musl@0.17.0", "", { "os": "linux", "cpu": "x64" }, "sha512-yWbFXWKKTrH4zR0FI1V6KDJp5NqOLFe1LZbKNeaoS1wtq5/aFPeM+d9dttGLoA5u6G9uhIK/nSnrPmtuNLPU4Q=="],

    "@oxlint/win32-arm64": ["@oxlint/win32-arm64@0.17.0", "", { "os": "win32", "cpu": "arm64" }, "sha512-zdoB3mbvcx3eGOh6ElPJ01S2MOzyZo/gijeHw7yb2PXcRis+3clVje6kpnG7/TN69zoHv7WwDX6poJu8FURTqg=="],

    "@oxlint/win32-x64": ["@oxlint/win32-x64@0.17.0", "", { "os": "win32", "cpu": "x64" }, "sha512-gxVYAOy/8IAWgmsaXDxRJvOr7l61DUDj6s7tXImzXqBAH/An6yJZGr1tR+5BsACVw/3hcCPOUbotXGS4+vZNZQ=="],

    "@types/bun": ["@types/bun@1.2.15", "", { "dependencies": { "bun-types": "1.2.15" } }, "sha512-U1ljPdBEphF0nw1MIk0hI7kPg7dFdPyM7EenHsp6W5loNHl7zqy6JQf/RKCgnUn2KDzUpkBwHPnEJEjII594bA=="],

    "@types/node": ["@types/node@22.15.29", "", { "dependencies": { "undici-types": "~6.21.0" } }, "sha512-LNdjOkUDlU1RZb8e1kOIUpN1qQUlzGkEtbVNo53vbrwDg5om6oduhm4SiUaPW5ASTXhAiP0jInWG8Qx9fVlOeQ=="],

    "bun-types": ["bun-types@1.2.15", "", { "dependencies": { "@types/node": "*" } }, "sha512-NarRIaS+iOaQU1JPfyKhZm4AsUOrwUOqRNHY0XxI8GI8jYxiLXLcdjYMG9UKS+fwWasc1uw1htV9AX24dD+p4w=="],

    "oxlint": ["oxlint@0.17.0", "", { "optionalDependencies": { "@oxlint/darwin-arm64": "0.17.0", "@oxlint/darwin-x64": "0.17.0", "@oxlint/linux-arm64-gnu": "0.17.0", "@oxlint/linux-arm64-musl": "0.17.0", "@oxlint/linux-x64-gnu": "0.17.0", "@oxlint/linux-x64-musl": "0.17.0", "@oxlint/win32-arm64": "0.17.0", "@oxlint/win32-x64": "0.17.0" }, "bin": { "oxlint": "bin/oxlint", "oxc_language_server": "bin/oxc_language_server" } }, "sha512-LCXomDhPGbDUZ/T+ScFA0tjh7A5QgYwPRCw7XFlJxRD2URBV8wj2lLvepbQ9yS/Q6SGhVfHQMpziQytajl8NcQ=="],

    "typescript": ["typescript@5.8.3", "", { "bin": { "tsc": "bin/tsc", "tsserver": "bin/tsserver" } }, "sha512-p1diW6TqL9L07nNxvRMM7hMMw4c5XOo/1ibL4aAIGmSAt9slTE1Xgw5KWuof2uTOvCg9BY7ZRi+GaF+7sfgPeQ=="],

    "undici-types": ["undici-types@6.21.0", "", {}, "sha512-iwDZqg0QAGrg9Rav5H4n0M64c3mkR59cJ6wQp+7C4nI0gsmExaedaYLNO44eT4AtBBwjbTiGPMlt2Md0T9H9JQ=="],
  }
}
